
Microsoft Visual Studio Solution File, Format Version 12.00
# Visual Studio Version 16
VisualStudioVersion = 16.0.30804.86
MinimumVisualStudioVersion = 10.0.40219.1
Project("{8BC9CEB8-8B4A-11D0-8D11-00A0C91BC942}") = "CS", "CS.vcxproj", "{A39C3E22-315F-4BB0-BE8E-6520E492BBB2}"
EndProject
Global
	GlobalSection(SolutionConfigurationPlatforms) = preSolution
		Debug|x64 = Debug|x64
		Debug|x86 = Debug|x86
		Release|x64 = Release|x64
		Release|x86 = Release|x86
	EndGlobalSection
	GlobalSection(ProjectConfigurationPlatforms) = postSolution
		{A39C3E22-315F-4BB0-BE8E-6520E492BBB2}.Debug|x64.ActiveCfg = Debug|x64
		{A39C3E22-315F-4BB0-BE8E-6520E492BBB2}.Debug|x64.Build.0 = Debug|x64
		{A39C3E22-315F-4BB0-BE8E-6520E492BBB2}.Debug|x86.ActiveCfg = Debug|Win32
		{A39C3E22-315F-4BB0-BE8E-6520E492BBB2}.Debug|x86.Build.0 = Debug|Win32
		{A39C3E22-315F-4BB0-BE8E-6520E492BBB2}.Release|x64.ActiveCfg = Release|x64
		{A39C3E22-315F-4BB0-BE8E-6520E492BBB2}.Release|x64.Build.0 = Release|x64
		{A39C3E22-315F-4BB0-BE8E-6520E492BBB2}.Release|x86.ActiveCfg = Release|Win32
		{A39C3E22-315F-4BB0-BE8E-6520E492BBB2}.Release|x86.Build.0 = Release|Win32
	EndGlobalSection
	GlobalSection(SolutionProperties) = preSolution
		HideSolutionNode = FALSE
	EndGlobalSection
	GlobalSection(ExtensibilityGlobals) = postSolution
		SolutionGuid = {88DA5E60-752D-45DE-9D3A-B5B56A2AB6BE}
	EndGlobalSection
EndGlobal
